{
  "requires": true,
  "lockfileVersion": 1,
  "dependencies": {
    "@angular/animations": {
      "version": "11.2.13",
      "resolved": "https://registry.npmjs.org/@angular/animations/-/animations-11.2.13.tgz",
      "integrity": "sha512-+TcJbMmKZI4kbSLp7TCJzOYkm90qe54OLWcNH6bi2NC9S0QsXaPo73yRP8sERjg/DjRj+wBf3LY63FvHZmqcTA==",
      "requires": {
        "tslib": "^2.0.0"
      }
    },
    "@angular/cdk": {
      "version": "11.2.12",
      "resolved": "https://registry.npmjs.org/@angular/cdk/-/cdk-11.2.12.tgz",
      "integrity": "sha512-LImCQQ7n5OnTGXBAx1BaHgBBbdXiEtsNcHk5RvVURya9sswRcXRoa48EG3RyuT8mtqWsUdOX9+v4nCINLG4hZA==",
      "requires": {
        "parse5": "^5.0.0",
        "tslib": "^2.0.0"
      }
    },
    "@angular/common": {
      "version": "11.2.13",
      "resolved": "https://registry.npmjs.org/@angular/common/-/common-11.2.13.tgz",
      "integrity": "sha512-96iZ4wlZado78yG6eY/ZmY6+H2X2hJi2XsK7iXKzc5h3oeILEkt+ulfBNkCNjMm8xPYBmLrSBueG96/T4/Bi5w==",
      "requires": {
        "tslib": "^2.0.0"
      }
    },
    "@angular/core": {
      "version": "11.2.13",
      "resolved": "https://registry.npmjs.org/@angular/core/-/core-11.2.13.tgz",
      "integrity": "sha512-xMKskq/Sbf8dkX/vx4WCwXMpDTJJ77rGlP8fVTB8az8QeOa14i6AdpmSXaJ8sl68R3v8Y1Pa9yBQytbKuxShqQ==",
      "requires": {
        "tslib": "^2.0.0"
      }
    },
    "bootstrap": {
      "version": "4.6.0",
      "resolved": "https://registry.npmjs.org/bootstrap/-/bootstrap-4.6.0.tgz",
      "integrity": "sha512-Io55IuQY3kydzHtbGvQya3H+KorS/M9rSNyfCGCg9WZ4pyT/lCxIlpJgG1GXW/PswzC84Tr2fBYi+7+jFVQQBw=="
    },
    "ngx-bootstrap": {
      "version": "6.2.0",
      "resolved": "https://registry.npmjs.org/ngx-bootstrap/-/ngx-bootstrap-6.2.0.tgz",
      "integrity": "sha512-5WKHo6/ltkenw4UyXZwED8rODCgp2RGbWurzYzZsF/gH1JO5SN7TJ+AL6kXYk6XM42sDA2WhN9Db+ZPNjiyHnA=="
    },
    "parse5": {
      "version": "5.1.1",
      "resolved": "https://registry.npmjs.org/parse5/-/parse5-5.1.1.tgz",
      "integrity": "sha512-ugq4DFI0Ptb+WWjAdOK16+u/nHfiIrcE+sh8kZMaM0WllQKLI9rOUq6c2b7cwPkXdzfQESqvoqK6ug7U/Yyzug=="
    },
    "rxjs": {
      "version": "7.0.0",
      "resolved": "https://registry.npmjs.org/rxjs/-/rxjs-7.0.0.tgz",
      "integrity": "sha512-I1V/ArAtGJg4kmCfms8fULm0SwYgEsAf2d5WPCBGzTYm2qTjO3Tx4EDFaGjbOox8CeEsC69jQK22mnmfyA26sw==",
      "requires": {
        "tslib": "~2.1.0"
      },
      "dependencies": {
        "tslib": {
          "version": "2.1.0",
          "resolved": "https://registry.npmjs.org/tslib/-/tslib-2.1.0.tgz",
          "integrity": "sha512-hcVC3wYEziELGGmEEXue7D75zbwIIVUMWAVbHItGPx0ziyXxrOMQx4rQEVEV45Ut/1IotuEvwqPopzIOkDMf0A=="
        }
      }
    },
    "tslib": {
      "version": "2.2.0",
      "resolved": "https://registry.npmjs.org/tslib/-/tslib-2.2.0.tgz",
      "integrity": "sha512-gS9GVHRU+RGn5KQM2rllAlR3dU6m7AcpJKdtH8gFvQiC4Otgk98XnmMU+nZenHt/+VhnBPWwgrJsyrdcw6i23w=="
    }
  }
}
