
Microsoft Visual Studio Solution File, Format Version 12.00
# Visual Studio Version 16
VisualStudioVersion = 16.0.31105.61
MinimumVisualStudioVersion = 10.0.40219.1
Project("{FAE04EC0-301F-11D3-BF4B-00C04F79EFBC}") = "Quang", "Quang\Quang.csproj", "{6767D403-813C-4D0A-AF9D-78F3CFE9FE8A}"
EndProject
Global
	GlobalSection(SolutionConfigurationPlatforms) = preSolution
		Debug|Any CPU = Debug|Any CPU
		Release|Any CPU = Release|Any CPU
	EndGlobalSection
	GlobalSection(ProjectConfigurationPlatforms) = postSolution
		{6767D403-813C-4D0A-AF9D-78F3CFE9FE8A}.Debug|Any CPU.ActiveCfg = Debug|Any CPU
		{6767D403-813C-4D0A-AF9D-78F3CFE9FE8A}.Debug|Any CPU.Build.0 = Debug|Any CPU
		{6767D403-813C-4D0A-AF9D-78F3CFE9FE8A}.Release|Any CPU.ActiveCfg = Release|Any CPU
		{6767D403-813C-4D0A-AF9D-78F3CFE9FE8A}.Release|Any CPU.Build.0 = Release|Any CPU
	EndGlobalSection
	GlobalSection(SolutionProperties) = preSolution
		HideSolutionNode = FALSE
	EndGlobalSection
	GlobalSection(ExtensibilityGlobals) = postSolution
		SolutionGuid = {8574FE78-80E5-4DF2-855C-DAFC96FD3885}
	EndGlobalSection
EndGlobal
